// !$*UTF8*$!
{
	archiveVersion = 1;
	classes = {
	};
	objectVersion = 77;
	objects = {

/* Begin PBXBuildFile section */
		100F6947C15A93B0E19F7683 /* Preview Assets.xcassets in Resources */ = {isa = PBXBuildFile; fileRef = B1FE54B9CB98B7DE5DB669FF /* Preview Assets.xcassets */; };
		70051E0D5FEB7D5E558FD15A /* GalleryView.swift in Sources */ = {isa = PBXBuildFile; fileRef = 9039AE7E05A70F1F43E9DBE5 /* GalleryView.swift */; };
		791EFEB568658F33FB541FC7 /* Assets.xcassets in Resources */ = {isa = PBXBuildFile; fileRef = CD9C2384F396EB9AC63BCAA8 /* Assets.xcassets */; };
		917ABC626DEC6F308D1DA9D3 /* GenerationService.swift in Sources */ = {isa = PBXBuildFile; fileRef = 1C52C53DAB831287F9044462 /* GenerationService.swift */; };
		C0558B7EBDB6D27BD15E1B3C /* FluxMacApp.swift in Sources */ = {isa = PBXBuildFile; fileRef = 0D3D96B34D07C10BBAFB05C4 /* FluxMacApp.swift */; };
		C389A01BF9165C667C4115D9 /* PythonBridge.swift in Sources */ = {isa = PBXBuildFile; fileRef = 2D7BCEDD92DE31037D7C03EA /* PythonBridge.swift */; };
		EB162B833DC702515B4DB5A8 /* ContentView.swift in Sources */ = {isa = PBXBuildFile; fileRef = C19E66C4F8A0CF950019AC6F /* ContentView.swift */; };
		F48EFE01707BB8D511E1A627 /* ModelManager.swift in Sources */ = {isa = PBXBuildFile; fileRef = 63F233D1399B779216B9309C /* ModelManager.swift */; };
		FE4C946AA43324523E55B08F /* GenerationView.swift in Sources */ = {isa = PBXBuildFile; fileRef = 05FE76017BED28B6AD2DF80E /* GenerationView.swift */; };
/* End PBXBuildFile section */

/* Begin PBXFileReference section */
		05FE76017BED28B6AD2DF80E /* GenerationView.swift */ = {isa = PBXFileReference; lastKnownFileType = sourcecode.swift; path = GenerationView.swift; sourceTree = "<group>"; };
		0D3D96B34D07C10BBAFB05C4 /* FluxMacApp.swift */ = {isa = PBXFileReference; lastKnownFileType = sourcecode.swift; path = FluxMacApp.swift; sourceTree = "<group>"; };
		1C52C53DAB831287F9044462 /* GenerationService.swift */ = {isa = PBXFileReference; lastKnownFileType = sourcecode.swift; path = GenerationService.swift; sourceTree = "<group>"; };
		2D7BCEDD92DE31037D7C03EA /* PythonBridge.swift */ = {isa = PBXFileReference; lastKnownFileType = sourcecode.swift; path = PythonBridge.swift; sourceTree = "<group>"; };
		63F233D1399B779216B9309C /* ModelManager.swift */ = {isa = PBXFileReference; lastKnownFileType = sourcecode.swift; path = ModelManager.swift; sourceTree = "<group>"; };
		9039AE7E05A70F1F43E9DBE5 /* GalleryView.swift */ = {isa = PBXFileReference; lastKnownFileType = sourcecode.swift; path = GalleryView.swift; sourceTree = "<group>"; };
		B1FE54B9CB98B7DE5DB669FF /* Preview Assets.xcassets */ = {isa = PBXFileReference; lastKnownFileType = folder.assetcatalog; path = "Preview Assets.xcassets"; sourceTree = "<group>"; };
		C19E66C4F8A0CF950019AC6F /* ContentView.swift */ = {isa = PBXFileReference; lastKnownFileType = sourcecode.swift; path = ContentView.swift; sourceTree = "<group>"; };
		CD9C2384F396EB9AC63BCAA8 /* Assets.xcassets */ = {isa = PBXFileReference; lastKnownFileType = folder.assetcatalog; path = Assets.xcassets; sourceTree = "<group>"; };
		E6B2EE766B116FC16D07AD26 /* FluxMac.app */ = {isa = PBXFileReference; explicitFileType = wrapper.application; includeInIndex = 0; path = FluxMac.app; sourceTree = BUILT_PRODUCTS_DIR; };
/* End PBXFileReference section */

/* Begin PBXGroup section */
		0A5A02B065BBAB6BDC90AD08 /* Preview Content */ = {
			isa = PBXGroup;
			children = (
				B1FE54B9CB98B7DE5DB669FF /* Preview Assets.xcassets */,
			);
			path = "Preview Content";
			sourceTree = "<group>";
		};
		92D7F9D4F4B36A85FD2719E5 = {
			isa = PBXGroup;
			children = (
				CA850724AA39C08FA3D9ADBD /* FluxMac */,
				9A33695947F3E6135E689E2E /* Products */,
			);
			sourceTree = "<group>";
		};
		9A33695947F3E6135E689E2E /* Products */ = {
			isa = PBXGroup;
			children = (
				E6B2EE766B116FC16D07AD26 /* FluxMac.app */,
			);
			name = Products;
			sourceTree = "<group>";
		};
		CA850724AA39C08FA3D9ADBD /* FluxMac */ = {
			isa = PBXGroup;
			children = (
				CD9C2384F396EB9AC63BCAA8 /* Assets.xcassets */,
				C19E66C4F8A0CF950019AC6F /* ContentView.swift */,
				0D3D96B34D07C10BBAFB05C4 /* FluxMacApp.swift */,
				9039AE7E05A70F1F43E9DBE5 /* GalleryView.swift */,
				1C52C53DAB831287F9044462 /* GenerationService.swift */,
				05FE76017BED28B6AD2DF80E /* GenerationView.swift */,
				63F233D1399B779216B9309C /* ModelManager.swift */,
				2D7BCEDD92DE31037D7C03EA /* PythonBridge.swift */,
				0A5A02B065BBAB6BDC90AD08 /* Preview Content */,
			);
			path = FluxMac;
			sourceTree = "<group>";
		};
/* End PBXGroup section */

/* Begin PBXNativeTarget section */
		72C56F738E946C022FFC6B3F /* FluxMac */ = {
			isa = PBXNativeTarget;
			buildConfigurationList = 79222458220F3A3F9E993222 /* Build configuration list for PBXNativeTarget "FluxMac" */;
			buildPhases = (
				19151508BF933EF267FAAD82 /* Sources */,
				178AB332790971F8CF1BBC3F /* Resources */,
			);
			buildRules = (
			);
			dependencies = (
			);
			name = FluxMac;
			packageProductDependencies = (
			);
			productName = FluxMac;
			productReference = E6B2EE766B116FC16D07AD26 /* FluxMac.app */;
			productType = "com.apple.product-type.application";
		};
/* End PBXNativeTarget section */

/* Begin PBXProject section */
		A26F959D134722A3F7F6FDCF /* Project object */ = {
			isa = PBXProject;
			attributes = {
				BuildIndependentTargetsInParallel = YES;
				LastUpgradeCheck = 1500;
				TargetAttributes = {
					72C56F738E946C022FFC6B3F = {
						ProvisioningStyle = Automatic;
					};
				};
			};
			buildConfigurationList = A6123263EFD413B75253357D /* Build configuration list for PBXProject "FluxMac" */;
			compatibilityVersion = "Xcode 14.0";
			developmentRegion = en;
			hasScannedForEncodings = 0;
			knownRegions = (
				Base,
				en,
			);
			mainGroup = 92D7F9D4F4B36A85FD2719E5;
			minimizedProjectReferenceProxies = 1;
			preferredProjectObjectVersion = 77;
			projectDirPath = "";
			projectRoot = "";
			targets = (
				72C56F738E946C022FFC6B3F /* FluxMac */,
			);
		};
/* End PBXProject section */

/* Begin PBXResourcesBuildPhase section */
		178AB332790971F8CF1BBC3F /* Resources */ = {
			isa = PBXResourcesBuildPhase;
			buildActionMask = 2147483647;
			files = (
				791EFEB568658F33FB541FC7 /* Assets.xcassets in Resources */,
				100F6947C15A93B0E19F7683 /* Preview Assets.xcassets in Resources */,
			);
			runOnlyForDeploymentPostprocessing = 0;
		};
/* End PBXResourcesBuildPhase section */

/* Begin PBXSourcesBuildPhase section */
		19151508BF933EF267FAAD82 /* Sources */ = {
			isa = PBXSourcesBuildPhase;
			buildActionMask = 2147483647;
			files = (
				EB162B833DC702515B4DB5A8 /* ContentView.swift in Sources */,
				C0558B7EBDB6D27BD15E1B3C /* FluxMacApp.swift in Sources */,
				70051E0D5FEB7D5E558FD15A /* GalleryView.swift in Sources */,
				917ABC626DEC6F308D1DA9D3 /* GenerationService.swift in Sources */,
				FE4C946AA43324523E55B08F /* GenerationView.swift in Sources */,
				F48EFE01707BB8D511E1A627 /* ModelManager.swift in Sources */,
				C389A01BF9165C667C4115D9 /* PythonBridge.swift in Sources */,
			);
			runOnlyForDeploymentPostprocessing = 0;
		};
/* End PBXSourcesBuildPhase section */

/* Begin XCBuildConfiguration section */
		1546F4CE4A51A26B370A9576 /* Debug */ = {
			isa = XCBuildConfiguration;
			buildSettings = {
				ALWAYS_SEARCH_USER_PATHS = NO;
				CLANG_ANALYZER_NONNULL = YES;
				CLANG_ANALYZER_NUMBER_OBJECT_CONVERSION = YES_AGGRESSIVE;
				CLANG_CXX_LANGUAGE_STANDARD = "gnu++14";
				CLANG_CXX_LIBRARY = "libc++";
				CLANG_ENABLE_MODULES = YES;
				CLANG_ENABLE_OBJC_ARC = YES;
				CLANG_ENABLE_OBJC_WEAK = YES;
				CLANG_WARN_BLOCK_CAPTURE_AUTORELEASING = YES;
				CLANG_WARN_BOOL_CONVERSION = YES;
				CLANG_WARN_COMMA = YES;
				CLANG_WARN_CONSTANT_CONVERSION = YES;
				CLANG_WARN_DEPRECATED_OBJC_IMPLEMENTATIONS = YES;
				CLANG_WARN_DIRECT_OBJC_ISA_USAGE = YES_ERROR;
				CLANG_WARN_DOCUMENTATION_COMMENTS = YES;
				CLANG_WARN_EMPTY_BODY = YES;
				CLANG_WARN_ENUM_CONVERSION = YES;
				CLANG_WARN_INFINITE_RECURSION = YES;
				CLANG_WARN_INT_CONVERSION = YES;
				CLANG_WARN_NON_LITERAL_NULL_CONVERSION = YES;
				CLANG_WARN_OBJC_IMPLICIT_RETAIN_SELF = YES;
				CLANG_WARN_OBJC_LITERAL_CONVERSION = YES;
				CLANG_WARN_OBJC_ROOT_CLASS = YES_ERROR;
				CLANG_WARN_QUOTED_INCLUDE_IN_FRAMEWORK_HEADER = YES;
				CLANG_WARN_RANGE_LOOP_ANALYSIS = YES;
				CLANG_WARN_STRICT_PROTOTYPES = YES;
				CLANG_WARN_SUSPICIOUS_MOVE = YES;
				CLANG_WARN_UNGUARDED_AVAILABILITY = YES_AGGRESSIVE;
				CLANG_WARN_UNREACHABLE_CODE = YES;
				CLANG_WARN__DUPLICATE_METHOD_MATCH = YES;
				COPY_PHASE_STRIP = NO;
				DEBUG_INFORMATION_FORMAT = dwarf;
				ENABLE_STRICT_OBJC_MSGSEND = YES;
				ENABLE_TESTABILITY = YES;
				GCC_C_LANGUAGE_STANDARD = gnu11;
				GCC_DYNAMIC_NO_PIC = NO;
				GCC_NO_COMMON_BLOCKS = YES;
				GCC_OPTIMIZATION_LEVEL = 0;
				GCC_PREPROCESSOR_DEFINITIONS = (
					"$(inherited)",
					"DEBUG=1",
				);
				GCC_WARN_64_TO_32_BIT_CONVERSION = YES;
				GCC_WARN_ABOUT_RETURN_TYPE = YES_ERROR;
				GCC_WARN_UNDECLARED_SELECTOR = YES;
				GCC_WARN_UNINITIALIZED_AUTOS = YES_AGGRESSIVE;
				GCC_WARN_UNUSED_FUNCTION = YES;
				GCC_WARN_UNUSED_VARIABLE = YES;
				MACOSX_DEPLOYMENT_TARGET = 13.0;
				MTL_ENABLE_DEBUG_INFO = INCLUDE_SOURCE;
				MTL_FAST_MATH = YES;
				ONLY_ACTIVE_ARCH = YES;
				PRODUCT_NAME = "$(TARGET_NAME)";
				SDKROOT = macosx;
				SWIFT_ACTIVE_COMPILATION_CONDITIONS = DEBUG;
				SWIFT_OPTIMIZATION_LEVEL = "-Onone";
				SWIFT_VERSION = 5.0;
			};
			name = Debug;
		};
		45CF6A471732FF4FC1F5824D /* Release */ = {
			isa = XCBuildConfiguration;
			buildSettings = {
				ALWAYS_SEARCH_USER_PATHS = NO;
				CLANG_ANALYZER_NONNULL = YES;
				CLANG_ANALYZER_NUMBER_OBJECT_CONVERSION = YES_AGGRESSIVE;
				CLANG_CXX_LANGUAGE_STANDARD = "gnu++14";
				CLANG_CXX_LIBRARY = "libc++";
				CLANG_ENABLE_MODULES = YES;
				CLANG_ENABLE_OBJC_ARC = YES;
				CLANG_ENABLE_OBJC_WEAK = YES;
				CLANG_WARN_BLOCK_CAPTURE_AUTORELEASING = YES;
				CLANG_WARN_BOOL_CONVERSION = YES;
				CLANG_WARN_COMMA = YES;
				CLANG_WARN_CONSTANT_CONVERSION = YES;
				CLANG_WARN_DEPRECATED_OBJC_IMPLEMENTATIONS = YES;
				CLANG_WARN_DIRECT_OBJC_ISA_USAGE = YES_ERROR;
				CLANG_WARN_DOCUMENTATION_COMMENTS = YES;
				CLANG_WARN_EMPTY_BODY = YES;
				CLANG_WARN_ENUM_CONVERSION = YES;
				CLANG_WARN_INFINITE_RECURSION = YES;
				CLANG_WARN_INT_CONVERSION = YES;
				CLANG_WARN_NON_LITERAL_NULL_CONVERSION = YES;
				CLANG_WARN_OBJC_IMPLICIT_RETAIN_SELF = YES;
				CLANG_WARN_OBJC_LITERAL_CONVERSION = YES;
				CLANG_WARN_OBJC_ROOT_CLASS = YES_ERROR;
				CLANG_WARN_QUOTED_INCLUDE_IN_FRAMEWORK_HEADER = YES;
				CLANG_WARN_RANGE_LOOP_ANALYSIS = YES;
				CLANG_WARN_STRICT_PROTOTYPES = YES;
				CLANG_WARN_SUSPICIOUS_MOVE = YES;
				CLANG_WARN_UNGUARDED_AVAILABILITY = YES_AGGRESSIVE;
				CLANG_WARN_UNREACHABLE_CODE = YES;
				CLANG_WARN__DUPLICATE_METHOD_MATCH = YES;
				COPY_PHASE_STRIP = NO;
				DEBUG_INFORMATION_FORMAT = "dwarf-with-dsym";
				ENABLE_NS_ASSERTIONS = NO;
				ENABLE_STRICT_OBJC_MSGSEND = YES;
				GCC_C_LANGUAGE_STANDARD = gnu11;
				GCC_NO_COMMON_BLOCKS = YES;
				GCC_WARN_64_TO_32_BIT_CONVERSION = YES;
				GCC_WARN_ABOUT_RETURN_TYPE = YES_ERROR;
				GCC_WARN_UNDECLARED_SELECTOR = YES;
				GCC_WARN_UNINITIALIZED_AUTOS = YES_AGGRESSIVE;
				GCC_WARN_UNUSED_FUNCTION = YES;
				GCC_WARN_UNUSED_VARIABLE = YES;
				MACOSX_DEPLOYMENT_TARGET = 13.0;
				MTL_ENABLE_DEBUG_INFO = NO;
				MTL_FAST_MATH = YES;
				PRODUCT_NAME = "$(TARGET_NAME)";
				SDKROOT = macosx;
				SWIFT_COMPILATION_MODE = wholemodule;
				SWIFT_OPTIMIZATION_LEVEL = "-O";
				SWIFT_VERSION = 5.0;
			};
			name = Release;
		};
		6B4D007E23D7CCE9ADE819FE /* Release */ = {
			isa = XCBuildConfiguration;
			buildSettings = {
				ASSETCATALOG_COMPILER_APPICON_NAME = AppIcon;
				ASSETCATALOG_COMPILER_GLOBAL_ACCENT_COLOR_NAME = AccentColor;
				CODE_SIGN_STYLE = Automatic;
				COMBINE_HIDPI_IMAGES = YES;
				CURRENT_PROJECT_VERSION = 1;
				DEVELOPMENT_ASSET_PATHS = "\"FluxMac/Preview Content\"";
				ENABLE_PREVIEWS = YES;
				GENERATE_INFOPLIST_FILE = YES;
				INFOPLIST_KEY_NSHumanReadableCopyright = "";
				LD_RUNPATH_SEARCH_PATHS = (
					"$(inherited)",
					"@executable_path/../Frameworks",
				);
				MACOSX_DEPLOYMENT_TARGET = 13.0;
				MARKETING_VERSION = 1.0;
				PRODUCT_BUNDLE_IDENTIFIER = com.fluxmac.app;
				SDKROOT = macosx;
				SWIFT_VERSION = 5.0;
			};
			name = Release;
		};
		973377A3528EBDCAC094D724 /* Debug */ = {
			isa = XCBuildConfiguration;
			buildSettings = {
				ASSETCATALOG_COMPILER_APPICON_NAME = AppIcon;
				ASSETCATALOG_COMPILER_GLOBAL_ACCENT_COLOR_NAME = AccentColor;
				CODE_SIGN_STYLE = Automatic;
				COMBINE_HIDPI_IMAGES = YES;
				CURRENT_PROJECT_VERSION = 1;
				DEVELOPMENT_ASSET_PATHS = "\"FluxMac/Preview Content\"";
				ENABLE_PREVIEWS = YES;
				GENERATE_INFOPLIST_FILE = YES;
				INFOPLIST_KEY_NSHumanReadableCopyright = "";
				LD_RUNPATH_SEARCH_PATHS = (
					"$(inherited)",
					"@executable_path/../Frameworks",
				);
				MACOSX_DEPLOYMENT_TARGET = 13.0;
				MARKETING_VERSION = 1.0;
				PRODUCT_BUNDLE_IDENTIFIER = com.fluxmac.app;
				SDKROOT = macosx;
				SWIFT_VERSION = 5.0;
			};
			name = Debug;
		};
/* End XCBuildConfiguration section */

/* Begin XCConfigurationList section */
		79222458220F3A3F9E993222 /* Build configuration list for PBXNativeTarget "FluxMac" */ = {
			isa = XCConfigurationList;
			buildConfigurations = (
				973377A3528EBDCAC094D724 /* Debug */,
				6B4D007E23D7CCE9ADE819FE /* Release */,
			);
			defaultConfigurationIsVisible = 0;
			defaultConfigurationName = Debug;
		};
		A6123263EFD413B75253357D /* Build configuration list for PBXProject "FluxMac" */ = {
			isa = XCConfigurationList;
			buildConfigurations = (
				1546F4CE4A51A26B370A9576 /* Debug */,
				45CF6A471732FF4FC1F5824D /* Release */,
			);
			defaultConfigurationIsVisible = 0;
			defaultConfigurationName = Debug;
		};
/* End XCConfigurationList section */
	};
	rootObject = A26F959D134722A3F7F6FDCF /* Project object */;
}
